{
  "version": 4,
  "terraform_version": "0.15.3",
  "serial": 1012,
  "lineage": "c1579644-3cb2-e679-ee69-524d09fab895",
  "outputs": {
    "avs_name": {
      "value": "windows_avs",
      "type": "string"
    },
    "lin_avs_name": {
      "value": "linux_avs",
      "type": "string"
    },
    "lin_private_ip": {
      "value": [
        [
          "10.0.1.5",
          "10.0.1.4"
        ]
      ],
      "type": [
        "tuple",
        [
          [
            "tuple",
            [
              "string",
              "string"
            ]
          ]
        ]
      ]
    },
    "lin_pub_ip": {
      "value": [
        [
          "20.151.128.88",
          "20.63.98.221"
        ]
      ],
      "type": [
        "tuple",
        [
          [
            "tuple",
            [
              "string",
              "string"
            ]
          ]
        ]
      ]
    },
    "linux_vm1": {
      "value": [
        [
          "ansible8214-c-vm1",
          "ansible8214-c-vm2"
        ]
      ],
      "type": [
        "tuple",
        [
          [
            "tuple",
            [
              "string",
              "string"
            ]
          ]
        ]
      ]
    },
    "private_ip": {
      "value": [
        [
          "10.0.2.4"
        ]
      ],
      "type": [
        "tuple",
        [
          [
            "tuple",
            [
              "string"
            ]
          ]
        ]
      ]
    },
    "pub_ip": {
      "value": [
        [
          "20.63.99.221"
        ]
      ],
      "type": [
        "tuple",
        [
          [
            "tuple",
            [
              "string"
            ]
          ]
        ]
      ]
    },
    "resource_grp": {
      "value": "lab04s2",
      "type": "string"
    },
    "subnet_address1": {
      "value": [
        "10.0.1.0/24"
      ],
      "type": [
        "list",
        "string"
      ]
    },
    "subnet_address2": {
      "value": [
        "10.0.2.0/24"
      ],
      "type": [
        "list",
        "string"
      ]
    },
    "subnet_name1": {
      "value": "lab02-subnet1",
      "type": "string"
    },
    "subnet_name2": {
      "value": "lab02-subnet2",
      "type": "string"
    },
    "virtual_network_address": {
      "value": [
        "10.0.0.0/16"
      ],
      "type": [
        "list",
        "string"
      ]
    },
    "virtual_network_name": {
      "value": "lab02-vnet",
      "type": "string"
    },
    "win_vm": {
      "value": [
        [
          "ansi8214-w-vm1"
        ]
      ],
      "type": [
        "tuple",
        [
          [
            "tuple",
            [
              "string"
            ]
          ]
        ]
      ]
    }
  },
  "resources": [
    {
      "mode": "data",
      "type": "azurerm_resources",
      "name": "tags",
      "provider": "provider[\"registry.terraform.io/hashicorp/azurerm\"]",
      "instances": [
        {
          "schema_version": 0,
          "attributes": {
            "id": "resource-abd7a15c-44fa-436d-80a0-83f55514e790",
            "name": null,
            "required_tags": {
              "ContactEmail": "manasa.peddi8x@gmail.com",
              "Environment": "Lab",
              "Name": "Terraform-Class",
              "Project": "Learning"
            },
            "resource_group_name": "lab04s2",
            "resources": [],
            "timeouts": null,
            "type": null
          },
          "sensitive_attributes": []
        }
      ]
    },
    {
      "module": "module.linux",
      "mode": "managed",
      "type": "azurerm_availability_set",
      "name": "avaset",
      "provider": "provider[\"registry.terraform.io/hashicorp/azurerm\"]",
      "instances": [
        {
          "schema_version": 0,
          "attributes": {
            "id": "/subscriptions/1e80f2a1-36c1-4627-b38b-a70c248da824/resourceGroups/lab04s2/providers/Microsoft.Compute/availabilitySets/linux_avs",
            "location": "canadacentral",
            "managed": true,
            "name": "linux_avs",
            "platform_fault_domain_count": 3,
            "platform_update_domain_count": 5,
            "proximity_placement_group_id": null,
            "resource_group_name": "lab04s2",
            "tags": null,
            "timeouts": null
          },
          "sensitive_attributes": [],
          "private": "eyJlMmJmYjczMC1lY2FhLTExZTYtOGY4OC0zNDM2M2JjN2M0YzAiOnsiY3JlYXRlIjoxODAwMDAwMDAwMDAwLCJkZWxldGUiOjE4MDAwMDAwMDAwMDAsInJlYWQiOjMwMDAwMDAwMDAwMCwidXBkYXRlIjoxODAwMDAwMDAwMDAwfX0="
        }
      ]
    },
    {
      "module": "module.linux",
      "mode": "managed",
      "type": "azurerm_linux_virtual_machine",
      "name": "vm1",
      "provider": "provider[\"registry.terraform.io/hashicorp/azurerm\"]",
      "instances": [
        {
          "index_key": 0,
          "schema_version": 0,
          "attributes": {
            "additional_capabilities": [],
            "admin_password": null,
            "admin_ssh_key": [
              {
                "public_key": "ssh-rsa AAAAB3NzaC1yc2EAAAADAQABAAABgQCWqFvac47Eue0A6T1l6gpQBX0Q7zNPkZcQvTqGdFQoxG17PMxzXxFFxSs7lr14KW16veZfOH/7cecug1qOJ2pVxeBMBXz3hLb5rzA8ESFwoHa59aIXfbalQAfPtPxNLlmhl+wTC9KScNK2Ht/04QWJpFs0keguEw+S6CeobttloiOatQxP9XCS69aWFA+jnqd+JI6Mxl5sasaBt+8v5FbvnAkgrq30o82B4ry+A7Q9SPt2CJtxmxPVYDXqXbCojLni0enfna0qkdPEEucfUUtlXKuVxWBFdkBIQwy5nf+Y2QaFM2M/67qrLs9/xZoTHEjYY5ZEjFMC01HIndHisjC28U+KMfELn7hGO5n0qZ4DDbTH1xZ22xUbpwSSEJXf+qWHiKzHkZU2pFFPiCmypoMLFX8BxnNq0NiFHVIS6cOqBXEZKrv0Odme3VsvoZA7GyGpjYXZq8Vcz5yTU5O4IOx9WbKvj1WWoKVeyyw62HwnehYiv1VKTPQgl2wLabatwRs= auto@automation\n",
                "username": "auto"
              }
            ],
            "admin_username": "auto",
            "allow_extension_operations": true,
            "availability_set_id": "/subscriptions/1e80f2a1-36c1-4627-b38b-a70c248da824/resourceGroups/lab04s2/providers/Microsoft.Compute/availabilitySets/LINUX_AVS",
            "boot_diagnostics": [],
            "computer_name": "ansible8214-c-vm-1",
            "custom_data": null,
            "dedicated_host_id": "",
            "disable_password_authentication": true,
            "encryption_at_host_enabled": false,
            "eviction_policy": "",
            "extensions_time_budget": "PT1H30M",
            "id": "/subscriptions/1e80f2a1-36c1-4627-b38b-a70c248da824/resourceGroups/lab04s2/providers/Microsoft.Compute/virtualMachines/ansible8214-c-vm1",
            "identity": [],
            "location": "canadacentral",
            "max_bid_price": -1,
            "name": "ansible8214-c-vm1",
            "network_interface_ids": [
              "/subscriptions/1e80f2a1-36c1-4627-b38b-a70c248da824/resourceGroups/lab04s2/providers/Microsoft.Network/networkInterfaces/ansible8214-c-vm-nic-2"
            ],
            "os_disk": [
              {
                "caching": "ReadWrite",
                "diff_disk_settings": [],
                "disk_encryption_set_id": "",
                "disk_size_gb": 30,
                "name": "ansible8214-c-vm-os-disk1",
                "storage_account_type": "Premium_LRS",
                "write_accelerator_enabled": false
              }
            ],
            "plan": [],
            "priority": "Regular",
            "private_ip_address": "10.0.1.4",
            "private_ip_addresses": [
              "10.0.1.4"
            ],
            "provision_vm_agent": true,
            "proximity_placement_group_id": "",
            "public_ip_address": "20.151.128.88",
            "public_ip_addresses": [
              "20.151.128.88"
            ],
            "resource_group_name": "lab04s2",
            "secret": [],
            "size": "Standard_B1s",
            "source_image_id": "",
            "source_image_reference": [
              {
                "offer": "CentOS",
                "publisher": "OpenLogic",
                "sku": "7.5",
                "version": "latest"
              }
            ],
            "tags": null,
            "timeouts": null,
            "virtual_machine_id": "547571b7-7c35-4b20-a965-b6cbcd4a33db",
            "virtual_machine_scale_set_id": "",
            "zone": ""
          },
          "sensitive_attributes": [],
          "private": "eyJlMmJmYjczMC1lY2FhLTExZTYtOGY4OC0zNDM2M2JjN2M0YzAiOnsiY3JlYXRlIjoyNzAwMDAwMDAwMDAwLCJkZWxldGUiOjI3MDAwMDAwMDAwMDAsInJlYWQiOjMwMDAwMDAwMDAwMCwidXBkYXRlIjoyNzAwMDAwMDAwMDAwfX0=",
          "dependencies": [
            "module.linux.azurerm_availability_set.avaset",
            "module.linux.azurerm_network_interface.linux_nic",
            "module.linux.azurerm_public_ip.public_ip_linux",
            "module.network.azurerm_subnet.subnet1",
            "module.network.azurerm_virtual_network.vnet"
          ]
        },
        {
          "index_key": 1,
          "schema_version": 0,
          "attributes": {
            "additional_capabilities": [],
            "admin_password": null,
            "admin_ssh_key": [
              {
                "public_key": "ssh-rsa AAAAB3NzaC1yc2EAAAADAQABAAABgQCWqFvac47Eue0A6T1l6gpQBX0Q7zNPkZcQvTqGdFQoxG17PMxzXxFFxSs7lr14KW16veZfOH/7cecug1qOJ2pVxeBMBXz3hLb5rzA8ESFwoHa59aIXfbalQAfPtPxNLlmhl+wTC9KScNK2Ht/04QWJpFs0keguEw+S6CeobttloiOatQxP9XCS69aWFA+jnqd+JI6Mxl5sasaBt+8v5FbvnAkgrq30o82B4ry+A7Q9SPt2CJtxmxPVYDXqXbCojLni0enfna0qkdPEEucfUUtlXKuVxWBFdkBIQwy5nf+Y2QaFM2M/67qrLs9/xZoTHEjYY5ZEjFMC01HIndHisjC28U+KMfELn7hGO5n0qZ4DDbTH1xZ22xUbpwSSEJXf+qWHiKzHkZU2pFFPiCmypoMLFX8BxnNq0NiFHVIS6cOqBXEZKrv0Odme3VsvoZA7GyGpjYXZq8Vcz5yTU5O4IOx9WbKvj1WWoKVeyyw62HwnehYiv1VKTPQgl2wLabatwRs= auto@automation\n",
                "username": "auto"
              }
            ],
            "admin_username": "auto",
            "allow_extension_operations": true,
            "availability_set_id": "/subscriptions/1e80f2a1-36c1-4627-b38b-a70c248da824/resourceGroups/lab04s2/providers/Microsoft.Compute/availabilitySets/LINUX_AVS",
            "boot_diagnostics": [],
            "computer_name": "ansible8214-c-vm-2",
            "custom_data": null,
            "dedicated_host_id": "",
            "disable_password_authentication": true,
            "encryption_at_host_enabled": false,
            "eviction_policy": "",
            "extensions_time_budget": "PT1H30M",
            "id": "/subscriptions/1e80f2a1-36c1-4627-b38b-a70c248da824/resourceGroups/lab04s2/providers/Microsoft.Compute/virtualMachines/ansible8214-c-vm2",
            "identity": [],
            "location": "canadacentral",
            "max_bid_price": -1,
            "name": "ansible8214-c-vm2",
            "network_interface_ids": [
              "/subscriptions/1e80f2a1-36c1-4627-b38b-a70c248da824/resourceGroups/lab04s2/providers/Microsoft.Network/networkInterfaces/ansible8214-c-vm-nic-1"
            ],
            "os_disk": [
              {
                "caching": "ReadWrite",
                "diff_disk_settings": [],
                "disk_encryption_set_id": "",
                "disk_size_gb": 30,
                "name": "ansible8214-c-vm-os-disk2",
                "storage_account_type": "Premium_LRS",
                "write_accelerator_enabled": false
              }
            ],
            "plan": [],
            "priority": "Regular",
            "private_ip_address": "10.0.1.5",
            "private_ip_addresses": [
              "10.0.1.5"
            ],
            "provision_vm_agent": true,
            "proximity_placement_group_id": "",
            "public_ip_address": "20.63.98.221",
            "public_ip_addresses": [
              "20.63.98.221"
            ],
            "resource_group_name": "lab04s2",
            "secret": [],
            "size": "Standard_B1s",
            "source_image_id": "",
            "source_image_reference": [
              {
                "offer": "CentOS",
                "publisher": "OpenLogic",
                "sku": "7.5",
                "version": "latest"
              }
            ],
            "tags": null,
            "timeouts": null,
            "virtual_machine_id": "28fc31af-44c4-4f0c-aee8-1b33f065e01a",
            "virtual_machine_scale_set_id": "",
            "zone": ""
          },
          "sensitive_attributes": [],
          "private": "eyJlMmJmYjczMC1lY2FhLTExZTYtOGY4OC0zNDM2M2JjN2M0YzAiOnsiY3JlYXRlIjoyNzAwMDAwMDAwMDAwLCJkZWxldGUiOjI3MDAwMDAwMDAwMDAsInJlYWQiOjMwMDAwMDAwMDAwMCwidXBkYXRlIjoyNzAwMDAwMDAwMDAwfX0=",
          "dependencies": [
            "module.linux.azurerm_availability_set.avaset",
            "module.linux.azurerm_network_interface.linux_nic",
            "module.linux.azurerm_public_ip.public_ip_linux",
            "module.network.azurerm_subnet.subnet1",
            "module.network.azurerm_virtual_network.vnet"
          ]
        }
      ]
    },
    {
      "module": "module.linux",
      "mode": "managed",
      "type": "azurerm_network_interface",
      "name": "linux_nic",
      "provider": "provider[\"registry.terraform.io/hashicorp/azurerm\"]",
      "instances": [
        {
          "index_key": 0,
          "schema_version": 0,
          "attributes": {
            "applied_dns_servers": [],
            "dns_servers": [],
            "enable_accelerated_networking": false,
            "enable_ip_forwarding": false,
            "id": "/subscriptions/1e80f2a1-36c1-4627-b38b-a70c248da824/resourceGroups/lab04s2/providers/Microsoft.Network/networkInterfaces/ansible8214-c-vm-nic-1",
            "internal_dns_name_label": "",
            "internal_domain_name_suffix": "3qv4szckhrkufdfg4i153br1rh.ux.internal.cloudapp.net",
            "ip_configuration": [
              {
                "name": "ansible8214-c-vm-internal1",
                "primary": true,
                "private_ip_address": "10.0.1.5",
                "private_ip_address_allocation": "Dynamic",
                "private_ip_address_version": "IPv4",
                "public_ip_address_id": "/subscriptions/1e80f2a1-36c1-4627-b38b-a70c248da824/resourceGroups/lab04s2/providers/Microsoft.Network/publicIPAddresses/ansible8214-c-vm-pip-2",
                "subnet_id": "/subscriptions/1e80f2a1-36c1-4627-b38b-a70c248da824/resourceGroups/lab04s2/providers/Microsoft.Network/virtualNetworks/lab02-vnet/subnets/lab02-subnet1"
              }
            ],
            "location": "canadacentral",
            "mac_address": "",
            "name": "ansible8214-c-vm-nic-1",
            "private_ip_address": "10.0.1.5",
            "private_ip_addresses": [
              "10.0.1.5"
            ],
            "resource_group_name": "lab04s2",
            "tags": null,
            "timeouts": null,
            "virtual_machine_id": ""
          },
          "sensitive_attributes": [],
          "private": "eyJlMmJmYjczMC1lY2FhLTExZTYtOGY4OC0zNDM2M2JjN2M0YzAiOnsiY3JlYXRlIjoxODAwMDAwMDAwMDAwLCJkZWxldGUiOjE4MDAwMDAwMDAwMDAsInJlYWQiOjMwMDAwMDAwMDAwMCwidXBkYXRlIjoxODAwMDAwMDAwMDAwfX0=",
          "dependencies": [
            "module.linux.azurerm_public_ip.public_ip_linux",
            "module.network.azurerm_subnet.subnet1",
            "module.network.azurerm_virtual_network.vnet"
          ]
        },
        {
          "index_key": 1,
          "schema_version": 0,
          "attributes": {
            "applied_dns_servers": [],
            "dns_servers": [],
            "enable_accelerated_networking": false,
            "enable_ip_forwarding": false,
            "id": "/subscriptions/1e80f2a1-36c1-4627-b38b-a70c248da824/resourceGroups/lab04s2/providers/Microsoft.Network/networkInterfaces/ansible8214-c-vm-nic-2",
            "internal_dns_name_label": "",
            "internal_domain_name_suffix": "3qv4szckhrkufdfg4i153br1rh.ux.internal.cloudapp.net",
            "ip_configuration": [
              {
                "name": "ansible8214-c-vm-internal2",
                "primary": true,
                "private_ip_address": "10.0.1.4",
                "private_ip_address_allocation": "Dynamic",
                "private_ip_address_version": "IPv4",
                "public_ip_address_id": "/subscriptions/1e80f2a1-36c1-4627-b38b-a70c248da824/resourceGroups/lab04s2/providers/Microsoft.Network/publicIPAddresses/ansible8214-c-vm-pip-1",
                "subnet_id": "/subscriptions/1e80f2a1-36c1-4627-b38b-a70c248da824/resourceGroups/lab04s2/providers/Microsoft.Network/virtualNetworks/lab02-vnet/subnets/lab02-subnet1"
              }
            ],
            "location": "canadacentral",
            "mac_address": "",
            "name": "ansible8214-c-vm-nic-2",
            "private_ip_address": "10.0.1.4",
            "private_ip_addresses": [
              "10.0.1.4"
            ],
            "resource_group_name": "lab04s2",
            "tags": null,
            "timeouts": null,
            "virtual_machine_id": ""
          },
          "sensitive_attributes": [],
          "private": "eyJlMmJmYjczMC1lY2FhLTExZTYtOGY4OC0zNDM2M2JjN2M0YzAiOnsiY3JlYXRlIjoxODAwMDAwMDAwMDAwLCJkZWxldGUiOjE4MDAwMDAwMDAwMDAsInJlYWQiOjMwMDAwMDAwMDAwMCwidXBkYXRlIjoxODAwMDAwMDAwMDAwfX0=",
          "dependencies": [
            "module.linux.azurerm_public_ip.public_ip_linux",
            "module.network.azurerm_subnet.subnet1",
            "module.network.azurerm_virtual_network.vnet"
          ]
        }
      ]
    },
    {
      "module": "module.linux",
      "mode": "managed",
      "type": "azurerm_public_ip",
      "name": "public_ip_linux",
      "provider": "provider[\"registry.terraform.io/hashicorp/azurerm\"]",
      "instances": [
        {
          "index_key": 0,
          "schema_version": 0,
          "attributes": {
            "allocation_method": "Static",
            "domain_name_label": null,
            "fqdn": null,
            "id": "/subscriptions/1e80f2a1-36c1-4627-b38b-a70c248da824/resourceGroups/lab04s2/providers/Microsoft.Network/publicIPAddresses/ansible8214-c-vm-pip-1",
            "idle_timeout_in_minutes": 4,
            "ip_address": "20.151.128.88",
            "ip_version": "IPv4",
            "location": "canadacentral",
            "name": "ansible8214-c-vm-pip-1",
            "public_ip_prefix_id": null,
            "resource_group_name": "lab04s2",
            "reverse_fqdn": null,
            "sku": "Basic",
            "tags": null,
            "timeouts": null,
            "zones": null
          },
          "sensitive_attributes": [],
          "private": "eyJlMmJmYjczMC1lY2FhLTExZTYtOGY4OC0zNDM2M2JjN2M0YzAiOnsiY3JlYXRlIjoxODAwMDAwMDAwMDAwLCJkZWxldGUiOjE4MDAwMDAwMDAwMDAsInJlYWQiOjMwMDAwMDAwMDAwMCwidXBkYXRlIjoxODAwMDAwMDAwMDAwfX0="
        },
        {
          "index_key": 1,
          "schema_version": 0,
          "attributes": {
            "allocation_method": "Static",
            "domain_name_label": null,
            "fqdn": null,
            "id": "/subscriptions/1e80f2a1-36c1-4627-b38b-a70c248da824/resourceGroups/lab04s2/providers/Microsoft.Network/publicIPAddresses/ansible8214-c-vm-pip-2",
            "idle_timeout_in_minutes": 4,
            "ip_address": "20.63.98.221",
            "ip_version": "IPv4",
            "location": "canadacentral",
            "name": "ansible8214-c-vm-pip-2",
            "public_ip_prefix_id": null,
            "resource_group_name": "lab04s2",
            "reverse_fqdn": null,
            "sku": "Basic",
            "tags": null,
            "timeouts": null,
            "zones": null
          },
          "sensitive_attributes": [],
          "private": "eyJlMmJmYjczMC1lY2FhLTExZTYtOGY4OC0zNDM2M2JjN2M0YzAiOnsiY3JlYXRlIjoxODAwMDAwMDAwMDAwLCJkZWxldGUiOjE4MDAwMDAwMDAwMDAsInJlYWQiOjMwMDAwMDAwMDAwMCwidXBkYXRlIjoxODAwMDAwMDAwMDAwfX0="
        }
      ]
    },
    {
      "module": "module.linux",
      "mode": "managed",
      "type": "null_resource",
      "name": "linux_provisioner",
      "provider": "provider[\"registry.terraform.io/hashicorp/null\"]",
      "instances": [
        {
          "index_key": 0,
          "schema_version": 0,
          "attributes": {
            "id": "6480861386529094350",
            "triggers": {
              "network_interface_ids": "/subscriptions/1e80f2a1-36c1-4627-b38b-a70c248da824/resourceGroups/lab04s2/providers/Microsoft.Network/networkInterfaces/ansible8214-c-vm-nic-1,/subscriptions/1e80f2a1-36c1-4627-b38b-a70c248da824/resourceGroups/lab04s2/providers/Microsoft.Network/networkInterfaces/ansible8214-c-vm-nic-2"
            }
          },
          "sensitive_attributes": [],
          "private": "bnVsbA==",
          "dependencies": [
            "module.linux.azurerm_availability_set.avaset",
            "module.linux.azurerm_linux_virtual_machine.vm1",
            "module.linux.azurerm_network_interface.linux_nic",
            "module.linux.azurerm_public_ip.public_ip_linux",
            "module.network.azurerm_subnet.subnet1",
            "module.network.azurerm_virtual_network.vnet"
          ]
        },
        {
          "index_key": 1,
          "schema_version": 0,
          "attributes": {
            "id": "4943426382191266766",
            "triggers": {
              "network_interface_ids": "/subscriptions/1e80f2a1-36c1-4627-b38b-a70c248da824/resourceGroups/lab04s2/providers/Microsoft.Network/networkInterfaces/ansible8214-c-vm-nic-1,/subscriptions/1e80f2a1-36c1-4627-b38b-a70c248da824/resourceGroups/lab04s2/providers/Microsoft.Network/networkInterfaces/ansible8214-c-vm-nic-2"
            }
          },
          "sensitive_attributes": [],
          "private": "bnVsbA==",
          "dependencies": [
            "module.linux.azurerm_availability_set.avaset",
            "module.linux.azurerm_linux_virtual_machine.vm1",
            "module.linux.azurerm_network_interface.linux_nic",
            "module.linux.azurerm_public_ip.public_ip_linux",
            "module.network.azurerm_subnet.subnet1",
            "module.network.azurerm_virtual_network.vnet"
          ]
        }
      ]
    },
    {
      "module": "module.network",
      "mode": "managed",
      "type": "azurerm_network_security_group",
      "name": "nsg1",
      "provider": "provider[\"registry.terraform.io/hashicorp/azurerm\"]",
      "instances": [
        {
          "schema_version": 0,
          "attributes": {
            "id": "/subscriptions/1e80f2a1-36c1-4627-b38b-a70c248da824/resourceGroups/lab04s2/providers/Microsoft.Network/networkSecurityGroups/lab02-nsg1",
            "location": "canadacentral",
            "name": "lab02-nsg1",
            "resource_group_name": "lab04s2",
            "security_rule": [
              {
                "access": "Allow",
                "description": "",
                "destination_address_prefix": "*",
                "destination_address_prefixes": [],
                "destination_application_security_group_ids": [],
                "destination_port_range": "22",
                "destination_port_ranges": [],
                "direction": "Inbound",
                "name": "rule1",
                "priority": 101,
                "protocol": "Tcp",
                "source_address_prefix": "*",
                "source_address_prefixes": [],
                "source_application_security_group_ids": [],
                "source_port_range": "*",
                "source_port_ranges": []
              },
              {
                "access": "Allow",
                "description": "",
                "destination_address_prefix": "*",
                "destination_address_prefixes": [],
                "destination_application_security_group_ids": [],
                "destination_port_range": "5985",
                "destination_port_ranges": [],
                "direction": "Inbound",
                "name": "nsg-rule3",
                "priority": 100,
                "protocol": "Tcp",
                "source_address_prefix": "*",
                "source_address_prefixes": [],
                "source_application_security_group_ids": [],
                "source_port_range": "*",
                "source_port_ranges": []
              }
            ],
            "tags": null,
            "timeouts": null
          },
          "sensitive_attributes": [],
          "private": "eyJlMmJmYjczMC1lY2FhLTExZTYtOGY4OC0zNDM2M2JjN2M0YzAiOnsiY3JlYXRlIjoxODAwMDAwMDAwMDAwLCJkZWxldGUiOjE4MDAwMDAwMDAwMDAsInJlYWQiOjMwMDAwMDAwMDAwMCwidXBkYXRlIjoxODAwMDAwMDAwMDAwfX0="
        }
      ]
    },
    {
      "module": "module.network",
      "mode": "managed",
      "type": "azurerm_network_security_group",
      "name": "nsg2",
      "provider": "provider[\"registry.terraform.io/hashicorp/azurerm\"]",
      "instances": [
        {
          "schema_version": 0,
          "attributes": {
            "id": "/subscriptions/1e80f2a1-36c1-4627-b38b-a70c248da824/resourceGroups/lab04s2/providers/Microsoft.Network/networkSecurityGroups/lab02-nsg2",
            "location": "canadacentral",
            "name": "lab02-nsg2",
            "resource_group_name": "lab04s2",
            "security_rule": [
              {
                "access": "Allow",
                "description": "",
                "destination_address_prefix": "*",
                "destination_address_prefixes": [],
                "destination_application_security_group_ids": [],
                "destination_port_range": "3389",
                "destination_port_ranges": [],
                "direction": "Inbound",
                "name": "rule1",
                "priority": 101,
                "protocol": "Tcp",
                "source_address_prefix": "*",
                "source_address_prefixes": [],
                "source_application_security_group_ids": [],
                "source_port_range": "*",
                "source_port_ranges": []
              },
              {
                "access": "Allow",
                "description": "",
                "destination_address_prefix": "*",
                "destination_address_prefixes": [],
                "destination_application_security_group_ids": [],
                "destination_port_range": "5985",
                "destination_port_ranges": [],
                "direction": "Inbound",
                "name": "nsg-rule3",
                "priority": 100,
                "protocol": "Tcp",
                "source_address_prefix": "*",
                "source_address_prefixes": [],
                "source_application_security_group_ids": [],
                "source_port_range": "*",
                "source_port_ranges": []
              }
            ],
            "tags": null,
            "timeouts": null
          },
          "sensitive_attributes": [],
          "private": "eyJlMmJmYjczMC1lY2FhLTExZTYtOGY4OC0zNDM2M2JjN2M0YzAiOnsiY3JlYXRlIjoxODAwMDAwMDAwMDAwLCJkZWxldGUiOjE4MDAwMDAwMDAwMDAsInJlYWQiOjMwMDAwMDAwMDAwMCwidXBkYXRlIjoxODAwMDAwMDAwMDAwfX0="
        }
      ]
    },
    {
      "module": "module.network",
      "mode": "managed",
      "type": "azurerm_subnet",
      "name": "subnet1",
      "provider": "provider[\"registry.terraform.io/hashicorp/azurerm\"]",
      "instances": [
        {
          "schema_version": 0,
          "attributes": {
            "address_prefix": "10.0.1.0/24",
            "address_prefixes": [
              "10.0.1.0/24"
            ],
            "delegation": [],
            "enforce_private_link_endpoint_network_policies": false,
            "enforce_private_link_service_network_policies": false,
            "id": "/subscriptions/1e80f2a1-36c1-4627-b38b-a70c248da824/resourceGroups/lab04s2/providers/Microsoft.Network/virtualNetworks/lab02-vnet/subnets/lab02-subnet1",
            "name": "lab02-subnet1",
            "resource_group_name": "lab04s2",
            "service_endpoint_policy_ids": null,
            "service_endpoints": null,
            "timeouts": null,
            "virtual_network_name": "lab02-vnet"
          },
          "sensitive_attributes": [],
          "private": "eyJlMmJmYjczMC1lY2FhLTExZTYtOGY4OC0zNDM2M2JjN2M0YzAiOnsiY3JlYXRlIjoxODAwMDAwMDAwMDAwLCJkZWxldGUiOjE4MDAwMDAwMDAwMDAsInJlYWQiOjMwMDAwMDAwMDAwMCwidXBkYXRlIjoxODAwMDAwMDAwMDAwfX0=",
          "dependencies": [
            "module.network.azurerm_virtual_network.vnet"
          ]
        }
      ]
    },
    {
      "module": "module.network",
      "mode": "managed",
      "type": "azurerm_subnet",
      "name": "subnet2",
      "provider": "provider[\"registry.terraform.io/hashicorp/azurerm\"]",
      "instances": [
        {
          "schema_version": 0,
          "attributes": {
            "address_prefix": "10.0.2.0/24",
            "address_prefixes": [
              "10.0.2.0/24"
            ],
            "delegation": [],
            "enforce_private_link_endpoint_network_policies": false,
            "enforce_private_link_service_network_policies": false,
            "id": "/subscriptions/1e80f2a1-36c1-4627-b38b-a70c248da824/resourceGroups/lab04s2/providers/Microsoft.Network/virtualNetworks/lab02-vnet/subnets/lab02-subnet2",
            "name": "lab02-subnet2",
            "resource_group_name": "lab04s2",
            "service_endpoint_policy_ids": null,
            "service_endpoints": null,
            "timeouts": null,
            "virtual_network_name": "lab02-vnet"
          },
          "sensitive_attributes": [],
          "private": "eyJlMmJmYjczMC1lY2FhLTExZTYtOGY4OC0zNDM2M2JjN2M0YzAiOnsiY3JlYXRlIjoxODAwMDAwMDAwMDAwLCJkZWxldGUiOjE4MDAwMDAwMDAwMDAsInJlYWQiOjMwMDAwMDAwMDAwMCwidXBkYXRlIjoxODAwMDAwMDAwMDAwfX0=",
          "dependencies": [
            "module.network.azurerm_virtual_network.vnet"
          ]
        }
      ]
    },
    {
      "module": "module.network",
      "mode": "managed",
      "type": "azurerm_subnet_network_security_group_association",
      "name": "nsg",
      "provider": "provider[\"registry.terraform.io/hashicorp/azurerm\"]",
      "instances": [
        {
          "schema_version": 0,
          "attributes": {
            "id": "/subscriptions/1e80f2a1-36c1-4627-b38b-a70c248da824/resourceGroups/lab04s2/providers/Microsoft.Network/virtualNetworks/lab02-vnet/subnets/lab02-subnet1",
            "network_security_group_id": "/subscriptions/1e80f2a1-36c1-4627-b38b-a70c248da824/resourceGroups/lab04s2/providers/Microsoft.Network/networkSecurityGroups/lab02-nsg1",
            "subnet_id": "/subscriptions/1e80f2a1-36c1-4627-b38b-a70c248da824/resourceGroups/lab04s2/providers/Microsoft.Network/virtualNetworks/lab02-vnet/subnets/lab02-subnet1",
            "timeouts": null
          },
          "sensitive_attributes": [],
          "private": "eyJlMmJmYjczMC1lY2FhLTExZTYtOGY4OC0zNDM2M2JjN2M0YzAiOnsiY3JlYXRlIjoxODAwMDAwMDAwMDAwLCJkZWxldGUiOjE4MDAwMDAwMDAwMDAsInJlYWQiOjMwMDAwMDAwMDAwMCwidXBkYXRlIjoxODAwMDAwMDAwMDAwfX0=",
          "dependencies": [
            "module.network.azurerm_network_security_group.nsg1",
            "module.network.azurerm_subnet.subnet1",
            "module.network.azurerm_virtual_network.vnet"
          ]
        }
      ]
    },
    {
      "module": "module.network",
      "mode": "managed",
      "type": "azurerm_subnet_network_security_group_association",
      "name": "nsg_assoc2",
      "provider": "provider[\"registry.terraform.io/hashicorp/azurerm\"]",
      "instances": [
        {
          "schema_version": 0,
          "attributes": {
            "id": "/subscriptions/1e80f2a1-36c1-4627-b38b-a70c248da824/resourceGroups/lab04s2/providers/Microsoft.Network/virtualNetworks/lab02-vnet/subnets/lab02-subnet2",
            "network_security_group_id": "/subscriptions/1e80f2a1-36c1-4627-b38b-a70c248da824/resourceGroups/lab04s2/providers/Microsoft.Network/networkSecurityGroups/lab02-nsg2",
            "subnet_id": "/subscriptions/1e80f2a1-36c1-4627-b38b-a70c248da824/resourceGroups/lab04s2/providers/Microsoft.Network/virtualNetworks/lab02-vnet/subnets/lab02-subnet2",
            "timeouts": null
          },
          "sensitive_attributes": [],
          "private": "eyJlMmJmYjczMC1lY2FhLTExZTYtOGY4OC0zNDM2M2JjN2M0YzAiOnsiY3JlYXRlIjoxODAwMDAwMDAwMDAwLCJkZWxldGUiOjE4MDAwMDAwMDAwMDAsInJlYWQiOjMwMDAwMDAwMDAwMCwidXBkYXRlIjoxODAwMDAwMDAwMDAwfX0=",
          "dependencies": [
            "module.network.azurerm_network_security_group.nsg2",
            "module.network.azurerm_subnet.subnet2",
            "module.network.azurerm_virtual_network.vnet"
          ]
        }
      ]
    },
    {
      "module": "module.network",
      "mode": "managed",
      "type": "azurerm_virtual_network",
      "name": "vnet",
      "provider": "provider[\"registry.terraform.io/hashicorp/azurerm\"]",
      "instances": [
        {
          "schema_version": 0,
          "attributes": {
            "address_space": [
              "10.0.0.0/16"
            ],
            "bgp_community": "",
            "ddos_protection_plan": [],
            "dns_servers": null,
            "guid": "64e92bec-3c4a-4255-8ca6-f237fe863b8f",
            "id": "/subscriptions/1e80f2a1-36c1-4627-b38b-a70c248da824/resourceGroups/lab04s2/providers/Microsoft.Network/virtualNetworks/lab02-vnet",
            "location": "canadacentral",
            "name": "lab02-vnet",
            "resource_group_name": "lab04s2",
            "subnet": [],
            "tags": null,
            "timeouts": null,
            "vm_protection_enabled": false
          },
          "sensitive_attributes": [],
          "private": "eyJlMmJmYjczMC1lY2FhLTExZTYtOGY4OC0zNDM2M2JjN2M0YzAiOnsiY3JlYXRlIjoxODAwMDAwMDAwMDAwLCJkZWxldGUiOjE4MDAwMDAwMDAwMDAsInJlYWQiOjMwMDAwMDAwMDAwMCwidXBkYXRlIjoxODAwMDAwMDAwMDAwfX0="
        }
      ]
    },
    {
      "module": "module.resource_group",
      "mode": "managed",
      "type": "azurerm_resource_group",
      "name": "rg",
      "provider": "provider[\"registry.terraform.io/hashicorp/azurerm\"]",
      "instances": [
        {
          "schema_version": 0,
          "attributes": {
            "id": "/subscriptions/1e80f2a1-36c1-4627-b38b-a70c248da824/resourceGroups/lab04s2",
            "location": "canadacentral",
            "name": "lab04s2",
            "tags": {},
            "timeouts": null
          },
          "sensitive_attributes": [],
          "private": "eyJlMmJmYjczMC1lY2FhLTExZTYtOGY4OC0zNDM2M2JjN2M0YzAiOnsiY3JlYXRlIjo1NDAwMDAwMDAwMDAwLCJkZWxldGUiOjU0MDAwMDAwMDAwMDAsInJlYWQiOjMwMDAwMDAwMDAwMCwidXBkYXRlIjo1NDAwMDAwMDAwMDAwfX0="
        }
      ]
    },
    {
      "module": "module.windows",
      "mode": "managed",
      "type": "azurerm_availability_set",
      "name": "w_avaset",
      "provider": "provider[\"registry.terraform.io/hashicorp/azurerm\"]",
      "instances": [
        {
          "schema_version": 0,
          "attributes": {
            "id": "/subscriptions/1e80f2a1-36c1-4627-b38b-a70c248da824/resourceGroups/lab04s2/providers/Microsoft.Compute/availabilitySets/windows_avs",
            "location": "canadacentral",
            "managed": true,
            "name": "windows_avs",
            "platform_fault_domain_count": 3,
            "platform_update_domain_count": 5,
            "proximity_placement_group_id": null,
            "resource_group_name": "lab04s2",
            "tags": {},
            "timeouts": null
          },
          "sensitive_attributes": [],
          "private": "eyJlMmJmYjczMC1lY2FhLTExZTYtOGY4OC0zNDM2M2JjN2M0YzAiOnsiY3JlYXRlIjoxODAwMDAwMDAwMDAwLCJkZWxldGUiOjE4MDAwMDAwMDAwMDAsInJlYWQiOjMwMDAwMDAwMDAwMCwidXBkYXRlIjoxODAwMDAwMDAwMDAwfX0="
        }
      ]
    },
    {
      "module": "module.windows",
      "mode": "managed",
      "type": "azurerm_network_interface",
      "name": "win_nic",
      "provider": "provider[\"registry.terraform.io/hashicorp/azurerm\"]",
      "instances": [
        {
          "index_key": "ansi8214-w-vm1",
          "schema_version": 0,
          "attributes": {
            "applied_dns_servers": [],
            "dns_servers": [],
            "enable_accelerated_networking": false,
            "enable_ip_forwarding": false,
            "id": "/subscriptions/1e80f2a1-36c1-4627-b38b-a70c248da824/resourceGroups/lab04s2/providers/Microsoft.Network/networkInterfaces/ansi8214-w-vm1-nic",
            "internal_dns_name_label": "",
            "internal_domain_name_suffix": "3qv4szckhrkufdfg4i153br1rh.ux.internal.cloudapp.net",
            "ip_configuration": [
              {
                "name": "ansi8214-w-vm1-internal",
                "primary": true,
                "private_ip_address": "10.0.2.4",
                "private_ip_address_allocation": "Dynamic",
                "private_ip_address_version": "IPv4",
                "public_ip_address_id": "/subscriptions/1e80f2a1-36c1-4627-b38b-a70c248da824/resourceGroups/lab04s2/providers/Microsoft.Network/publicIPAddresses/ansi8214-w-vm1-pip",
                "subnet_id": "/subscriptions/1e80f2a1-36c1-4627-b38b-a70c248da824/resourceGroups/lab04s2/providers/Microsoft.Network/virtualNetworks/lab02-vnet/subnets/lab02-subnet2"
              }
            ],
            "location": "canadacentral",
            "mac_address": "",
            "name": "ansi8214-w-vm1-nic",
            "private_ip_address": "10.0.2.4",
            "private_ip_addresses": [
              "10.0.2.4"
            ],
            "resource_group_name": "lab04s2",
            "tags": null,
            "timeouts": null,
            "virtual_machine_id": ""
          },
          "sensitive_attributes": [],
          "private": "eyJlMmJmYjczMC1lY2FhLTExZTYtOGY4OC0zNDM2M2JjN2M0YzAiOnsiY3JlYXRlIjoxODAwMDAwMDAwMDAwLCJkZWxldGUiOjE4MDAwMDAwMDAwMDAsInJlYWQiOjMwMDAwMDAwMDAwMCwidXBkYXRlIjoxODAwMDAwMDAwMDAwfX0=",
          "dependencies": [
            "module.network.azurerm_subnet.subnet2",
            "module.network.azurerm_virtual_network.vnet",
            "module.windows.azurerm_public_ip.public_ip"
          ]
        }
      ]
    },
    {
      "module": "module.windows",
      "mode": "managed",
      "type": "azurerm_public_ip",
      "name": "public_ip",
      "provider": "provider[\"registry.terraform.io/hashicorp/azurerm\"]",
      "instances": [
        {
          "index_key": "ansi8214-w-vm1",
          "schema_version": 0,
          "attributes": {
            "allocation_method": "Static",
            "domain_name_label": null,
            "fqdn": null,
            "id": "/subscriptions/1e80f2a1-36c1-4627-b38b-a70c248da824/resourceGroups/lab04s2/providers/Microsoft.Network/publicIPAddresses/ansi8214-w-vm1-pip",
            "idle_timeout_in_minutes": 4,
            "ip_address": "20.63.99.221",
            "ip_version": "IPv4",
            "location": "canadacentral",
            "name": "ansi8214-w-vm1-pip",
            "public_ip_prefix_id": null,
            "resource_group_name": "lab04s2",
            "reverse_fqdn": null,
            "sku": "Basic",
            "tags": null,
            "timeouts": null,
            "zones": null
          },
          "sensitive_attributes": [],
          "private": "eyJlMmJmYjczMC1lY2FhLTExZTYtOGY4OC0zNDM2M2JjN2M0YzAiOnsiY3JlYXRlIjoxODAwMDAwMDAwMDAwLCJkZWxldGUiOjE4MDAwMDAwMDAwMDAsInJlYWQiOjMwMDAwMDAwMDAwMCwidXBkYXRlIjoxODAwMDAwMDAwMDAwfX0="
        }
      ]
    },
    {
      "module": "module.windows",
      "mode": "managed",
      "type": "azurerm_windows_virtual_machine",
      "name": "win_vm1",
      "provider": "provider[\"registry.terraform.io/hashicorp/azurerm\"]",
      "instances": [
        {
          "index_key": "ansi8214-w-vm1",
          "schema_version": 0,
          "attributes": {
            "additional_capabilities": [],
            "additional_unattend_content": [],
            "admin_password": "Witor!23",
            "admin_username": "winadm",
            "allow_extension_operations": true,
            "availability_set_id": "/subscriptions/1e80f2a1-36c1-4627-b38b-a70c248da824/resourceGroups/lab04s2/providers/Microsoft.Compute/availabilitySets/WINDOWS_AVS",
            "boot_diagnostics": [],
            "computer_name": "ansi8214-w-vm1",
            "custom_data": null,
            "dedicated_host_id": "",
            "enable_automatic_updates": true,
            "encryption_at_host_enabled": false,
            "eviction_policy": "",
            "extensions_time_budget": "PT1H30M",
            "id": "/subscriptions/1e80f2a1-36c1-4627-b38b-a70c248da824/resourceGroups/lab04s2/providers/Microsoft.Compute/virtualMachines/ansi8214-w-vm1",
            "identity": [],
            "license_type": "",
            "location": "canadacentral",
            "max_bid_price": -1,
            "name": "ansi8214-w-vm1",
            "network_interface_ids": [
              "/subscriptions/1e80f2a1-36c1-4627-b38b-a70c248da824/resourceGroups/lab04s2/providers/Microsoft.Network/networkInterfaces/ansi8214-w-vm1-nic"
            ],
            "os_disk": [
              {
                "caching": "ReadWrite",
                "diff_disk_settings": [],
                "disk_encryption_set_id": "",
                "disk_size_gb": 127,
                "name": "ansi8214-w-vm1-os-disk",
                "storage_account_type": "StandardSSD_LRS",
                "write_accelerator_enabled": false
              }
            ],
            "patch_mode": "AutomaticByOS",
            "plan": [],
            "priority": "Regular",
            "private_ip_address": "10.0.2.4",
            "private_ip_addresses": [
              "10.0.2.4"
            ],
            "provision_vm_agent": true,
            "proximity_placement_group_id": "",
            "public_ip_address": "20.63.99.221",
            "public_ip_addresses": [
              "20.63.99.221"
            ],
            "resource_group_name": "lab04s2",
            "secret": [],
            "size": "Standard_B1s",
            "source_image_id": "",
            "source_image_reference": [
              {
                "offer": "WindowsServer",
                "publisher": "MicrosoftWindowsServer",
                "sku": "2019-DataCenter-core",
                "version": "latest"
              }
            ],
            "tags": null,
            "timeouts": null,
            "timezone": "",
            "virtual_machine_id": "cb669c62-124d-4950-8fa9-a5cf17388fe9",
            "virtual_machine_scale_set_id": "",
            "winrm_listener": [
              {
                "certificate_url": "",
                "protocol": "Http"
              }
            ],
            "zone": ""
          },
          "sensitive_attributes": [],
          "private": "eyJlMmJmYjczMC1lY2FhLTExZTYtOGY4OC0zNDM2M2JjN2M0YzAiOnsiY3JlYXRlIjoyNzAwMDAwMDAwMDAwLCJkZWxldGUiOjI3MDAwMDAwMDAwMDAsInJlYWQiOjMwMDAwMDAwMDAwMCwidXBkYXRlIjoyNzAwMDAwMDAwMDAwfX0=",
          "dependencies": [
            "module.network.azurerm_subnet.subnet2",
            "module.network.azurerm_virtual_network.vnet",
            "module.windows.azurerm_availability_set.w_avaset",
            "module.windows.azurerm_network_interface.win_nic",
            "module.windows.azurerm_public_ip.public_ip"
          ]
        }
      ]
    },
    {
      "module": "module.windows",
      "mode": "managed",
      "type": "null_resource",
      "name": "windows_provisioner",
      "provider": "provider[\"registry.terraform.io/hashicorp/null\"]",
      "instances": [
        {
          "index_key": "ansi8214-w-vm1",
          "status": "tainted",
          "schema_version": 0,
          "attributes": {
            "id": "8910969135861815751",
            "triggers": {
              "network_interface_ids": "/subscriptions/1e80f2a1-36c1-4627-b38b-a70c248da824/resourceGroups/lab04s2/providers/Microsoft.Network/networkInterfaces/ansi8214-w-vm1-nic"
            }
          },
          "sensitive_attributes": [],
          "private": "bnVsbA==",
          "dependencies": [
            "module.network.azurerm_subnet.subnet2",
            "module.network.azurerm_virtual_network.vnet",
            "module.windows.azurerm_availability_set.w_avaset",
            "module.windows.azurerm_network_interface.win_nic",
            "module.windows.azurerm_public_ip.public_ip",
            "module.windows.azurerm_windows_virtual_machine.win_vm1"
          ]
        }
      ]
    }
  ]
}
